
Microsoft Visual Studio Solution File, Format Version 12.00
# Visual Studio Version 17
VisualStudioVersion = 17.0.31903.59
MinimumVisualStudioVersion = 10.0.40219.1
Project("{2150E333-8FDC-42A3-9474-1A3956D46DE8}") = "Source", "Source", "{B8EFCA5F-814F-285C-A8CB-F00F14650265}"
EndProject
Project("{2150E333-8FDC-42A3-9474-1A3956D46DE8}") = "Example", "Example", "{9D700E2A-CD85-0AF9-9FEC-E449C90AEE43}"
EndProject
Project("{FAE04EC0-301F-11D3-BF4B-00C04F79EFBC}") = "Example", "Source\Example\Example\Example.csproj", "{B24F723C-BC56-44B9-B2AF-548A4717745B}"
EndProject
Project("{FAE04EC0-301F-11D3-BF4B-00C04F79EFBC}") = "Example.Cultures", "Source\Example\Example.Cultures\Example.Cultures.csproj", "{FDB95737-B1BD-48D3-918A-CA27E23C6D1B}"
EndProject
Project("{FAE04EC0-301F-11D3-BF4B-00C04F79EFBC}") = "Example.Auth", "Source\Example\Example.Auth\Example.Auth.csproj", "{2CDB85A5-5806-4DB5-9093-A12FC0C4F770}"
EndProject
Project("{FAE04EC0-301F-11D3-BF4B-00C04F79EFBC}") = "Example.Shared", "Source\Example\Example.Shared\Example.Shared.csproj", "{8FD0D344-138C-4CDF-81C4-6118C2FAC0A6}"
EndProject
Project("{FAE04EC0-301F-11D3-BF4B-00C04F79EFBC}") = "Example.Organizations", "Source\Example\Example.Organizations\Example.Organizations.csproj", "{7494961C-8E97-48F9-894A-C77001363B7F}"
EndProject
Project("{FAE04EC0-301F-11D3-BF4B-00C04F79EFBC}") = "Example.Projects", "Source\Example\Example.Projects\Example.Projects.csproj", "{A029B193-F009-4056-9BA0-0A176CB99BE7}"
EndProject
Project("{FAE04EC0-301F-11D3-BF4B-00C04F79EFBC}") = "Example.Tenants", "Source\Example\Example.Tenants\Example.Tenants.csproj", "{21DFB544-872B-4B4E-ACD0-B0E1AAC55E52}"
EndProject
Project("{FAE04EC0-301F-11D3-BF4B-00C04F79EFBC}") = "Example.Components", "Source\Example\Example.Components\Example.Components.csproj", "{76B1F221-6EBC-4953-8ACC-81045EF19D21}"
EndProject
Project("{FAE04EC0-301F-11D3-BF4B-00C04F79EFBC}") = "Example.ValueObjects", "Source\Example\Example.ValueObjects\Example.ValueObjects.csproj", "{BA8A42BA-575F-42E8-A828-FFE0FEF42883}"
EndProject
Project("{FAE04EC0-301F-11D3-BF4B-00C04F79EFBC}") = "Example.MudBlazor", "Source\Example\Example.MudBlazor\Example.MudBlazor.csproj", "{3C788FD0-7659-47D8-87B5-1F86C772FA6A}"
EndProject
Global
	GlobalSection(SolutionConfigurationPlatforms) = preSolution
		Debug|Any CPU = Debug|Any CPU
		Debug|x64 = Debug|x64
		Debug|x86 = Debug|x86
		Release|Any CPU = Release|Any CPU
		Release|x64 = Release|x64
		Release|x86 = Release|x86
	EndGlobalSection
	GlobalSection(ProjectConfigurationPlatforms) = postSolution
		{B24F723C-BC56-44B9-B2AF-548A4717745B}.Debug|Any CPU.ActiveCfg = Debug|Any CPU
		{B24F723C-BC56-44B9-B2AF-548A4717745B}.Debug|Any CPU.Build.0 = Debug|Any CPU
		{B24F723C-BC56-44B9-B2AF-548A4717745B}.Debug|x64.ActiveCfg = Debug|Any CPU
		{B24F723C-BC56-44B9-B2AF-548A4717745B}.Debug|x64.Build.0 = Debug|Any CPU
		{B24F723C-BC56-44B9-B2AF-548A4717745B}.Debug|x86.ActiveCfg = Debug|Any CPU
		{B24F723C-BC56-44B9-B2AF-548A4717745B}.Debug|x86.Build.0 = Debug|Any CPU
		{B24F723C-BC56-44B9-B2AF-548A4717745B}.Release|Any CPU.ActiveCfg = Release|Any CPU
		{B24F723C-BC56-44B9-B2AF-548A4717745B}.Release|Any CPU.Build.0 = Release|Any CPU
		{B24F723C-BC56-44B9-B2AF-548A4717745B}.Release|x64.ActiveCfg = Release|Any CPU
		{B24F723C-BC56-44B9-B2AF-548A4717745B}.Release|x64.Build.0 = Release|Any CPU
		{B24F723C-BC56-44B9-B2AF-548A4717745B}.Release|x86.ActiveCfg = Release|Any CPU
		{B24F723C-BC56-44B9-B2AF-548A4717745B}.Release|x86.Build.0 = Release|Any CPU
		{FDB95737-B1BD-48D3-918A-CA27E23C6D1B}.Debug|Any CPU.ActiveCfg = Debug|Any CPU
		{FDB95737-B1BD-48D3-918A-CA27E23C6D1B}.Debug|Any CPU.Build.0 = Debug|Any CPU
		{FDB95737-B1BD-48D3-918A-CA27E23C6D1B}.Debug|x64.ActiveCfg = Debug|Any CPU
		{FDB95737-B1BD-48D3-918A-CA27E23C6D1B}.Debug|x64.Build.0 = Debug|Any CPU
		{FDB95737-B1BD-48D3-918A-CA27E23C6D1B}.Debug|x86.ActiveCfg = Debug|Any CPU
		{FDB95737-B1BD-48D3-918A-CA27E23C6D1B}.Debug|x86.Build.0 = Debug|Any CPU
		{FDB95737-B1BD-48D3-918A-CA27E23C6D1B}.Release|Any CPU.ActiveCfg = Release|Any CPU
		{FDB95737-B1BD-48D3-918A-CA27E23C6D1B}.Release|Any CPU.Build.0 = Release|Any CPU
		{FDB95737-B1BD-48D3-918A-CA27E23C6D1B}.Release|x64.ActiveCfg = Release|Any CPU
		{FDB95737-B1BD-48D3-918A-CA27E23C6D1B}.Release|x64.Build.0 = Release|Any CPU
		{FDB95737-B1BD-48D3-918A-CA27E23C6D1B}.Release|x86.ActiveCfg = Release|Any CPU
		{FDB95737-B1BD-48D3-918A-CA27E23C6D1B}.Release|x86.Build.0 = Release|Any CPU
		{2CDB85A5-5806-4DB5-9093-A12FC0C4F770}.Debug|Any CPU.ActiveCfg = Debug|Any CPU
		{2CDB85A5-5806-4DB5-9093-A12FC0C4F770}.Debug|Any CPU.Build.0 = Debug|Any CPU
		{2CDB85A5-5806-4DB5-9093-A12FC0C4F770}.Debug|x64.ActiveCfg = Debug|Any CPU
		{2CDB85A5-5806-4DB5-9093-A12FC0C4F770}.Debug|x64.Build.0 = Debug|Any CPU
		{2CDB85A5-5806-4DB5-9093-A12FC0C4F770}.Debug|x86.ActiveCfg = Debug|Any CPU
		{2CDB85A5-5806-4DB5-9093-A12FC0C4F770}.Debug|x86.Build.0 = Debug|Any CPU
		{2CDB85A5-5806-4DB5-9093-A12FC0C4F770}.Release|Any CPU.ActiveCfg = Release|Any CPU
		{2CDB85A5-5806-4DB5-9093-A12FC0C4F770}.Release|Any CPU.Build.0 = Release|Any CPU
		{2CDB85A5-5806-4DB5-9093-A12FC0C4F770}.Release|x64.ActiveCfg = Release|Any CPU
		{2CDB85A5-5806-4DB5-9093-A12FC0C4F770}.Release|x64.Build.0 = Release|Any CPU
		{2CDB85A5-5806-4DB5-9093-A12FC0C4F770}.Release|x86.ActiveCfg = Release|Any CPU
		{2CDB85A5-5806-4DB5-9093-A12FC0C4F770}.Release|x86.Build.0 = Release|Any CPU
		{8FD0D344-138C-4CDF-81C4-6118C2FAC0A6}.Debug|Any CPU.ActiveCfg = Debug|Any CPU
		{8FD0D344-138C-4CDF-81C4-6118C2FAC0A6}.Debug|Any CPU.Build.0 = Debug|Any CPU
		{8FD0D344-138C-4CDF-81C4-6118C2FAC0A6}.Debug|x64.ActiveCfg = Debug|Any CPU
		{8FD0D344-138C-4CDF-81C4-6118C2FAC0A6}.Debug|x64.Build.0 = Debug|Any CPU
		{8FD0D344-138C-4CDF-81C4-6118C2FAC0A6}.Debug|x86.ActiveCfg = Debug|Any CPU
		{8FD0D344-138C-4CDF-81C4-6118C2FAC0A6}.Debug|x86.Build.0 = Debug|Any CPU
		{8FD0D344-138C-4CDF-81C4-6118C2FAC0A6}.Release|Any CPU.ActiveCfg = Release|Any CPU
		{8FD0D344-138C-4CDF-81C4-6118C2FAC0A6}.Release|Any CPU.Build.0 = Release|Any CPU
		{8FD0D344-138C-4CDF-81C4-6118C2FAC0A6}.Release|x64.ActiveCfg = Release|Any CPU
		{8FD0D344-138C-4CDF-81C4-6118C2FAC0A6}.Release|x64.Build.0 = Release|Any CPU
		{8FD0D344-138C-4CDF-81C4-6118C2FAC0A6}.Release|x86.ActiveCfg = Release|Any CPU
		{8FD0D344-138C-4CDF-81C4-6118C2FAC0A6}.Release|x86.Build.0 = Release|Any CPU
		{7494961C-8E97-48F9-894A-C77001363B7F}.Debug|Any CPU.ActiveCfg = Debug|Any CPU
		{7494961C-8E97-48F9-894A-C77001363B7F}.Debug|Any CPU.Build.0 = Debug|Any CPU
		{7494961C-8E97-48F9-894A-C77001363B7F}.Debug|x64.ActiveCfg = Debug|Any CPU
		{7494961C-8E97-48F9-894A-C77001363B7F}.Debug|x64.Build.0 = Debug|Any CPU
		{7494961C-8E97-48F9-894A-C77001363B7F}.Debug|x86.ActiveCfg = Debug|Any CPU
		{7494961C-8E97-48F9-894A-C77001363B7F}.Debug|x86.Build.0 = Debug|Any CPU
		{7494961C-8E97-48F9-894A-C77001363B7F}.Release|Any CPU.ActiveCfg = Release|Any CPU
		{7494961C-8E97-48F9-894A-C77001363B7F}.Release|Any CPU.Build.0 = Release|Any CPU
		{7494961C-8E97-48F9-894A-C77001363B7F}.Release|x64.ActiveCfg = Release|Any CPU
		{7494961C-8E97-48F9-894A-C77001363B7F}.Release|x64.Build.0 = Release|Any CPU
		{7494961C-8E97-48F9-894A-C77001363B7F}.Release|x86.ActiveCfg = Release|Any CPU
		{7494961C-8E97-48F9-894A-C77001363B7F}.Release|x86.Build.0 = Release|Any CPU
		{A029B193-F009-4056-9BA0-0A176CB99BE7}.Debug|Any CPU.ActiveCfg = Debug|Any CPU
		{A029B193-F009-4056-9BA0-0A176CB99BE7}.Debug|Any CPU.Build.0 = Debug|Any CPU
		{A029B193-F009-4056-9BA0-0A176CB99BE7}.Debug|x64.ActiveCfg = Debug|Any CPU
		{A029B193-F009-4056-9BA0-0A176CB99BE7}.Debug|x64.Build.0 = Debug|Any CPU
		{A029B193-F009-4056-9BA0-0A176CB99BE7}.Debug|x86.ActiveCfg = Debug|Any CPU
		{A029B193-F009-4056-9BA0-0A176CB99BE7}.Debug|x86.Build.0 = Debug|Any CPU
		{A029B193-F009-4056-9BA0-0A176CB99BE7}.Release|Any CPU.ActiveCfg = Release|Any CPU
		{A029B193-F009-4056-9BA0-0A176CB99BE7}.Release|Any CPU.Build.0 = Release|Any CPU
		{A029B193-F009-4056-9BA0-0A176CB99BE7}.Release|x64.ActiveCfg = Release|Any CPU
		{A029B193-F009-4056-9BA0-0A176CB99BE7}.Release|x64.Build.0 = Release|Any CPU
		{A029B193-F009-4056-9BA0-0A176CB99BE7}.Release|x86.ActiveCfg = Release|Any CPU
		{A029B193-F009-4056-9BA0-0A176CB99BE7}.Release|x86.Build.0 = Release|Any CPU
		{21DFB544-872B-4B4E-ACD0-B0E1AAC55E52}.Debug|Any CPU.ActiveCfg = Debug|Any CPU
		{21DFB544-872B-4B4E-ACD0-B0E1AAC55E52}.Debug|Any CPU.Build.0 = Debug|Any CPU
		{21DFB544-872B-4B4E-ACD0-B0E1AAC55E52}.Debug|x64.ActiveCfg = Debug|Any CPU
		{21DFB544-872B-4B4E-ACD0-B0E1AAC55E52}.Debug|x64.Build.0 = Debug|Any CPU
		{21DFB544-872B-4B4E-ACD0-B0E1AAC55E52}.Debug|x86.ActiveCfg = Debug|Any CPU
		{21DFB544-872B-4B4E-ACD0-B0E1AAC55E52}.Debug|x86.Build.0 = Debug|Any CPU
		{21DFB544-872B-4B4E-ACD0-B0E1AAC55E52}.Release|Any CPU.ActiveCfg = Release|Any CPU
		{21DFB544-872B-4B4E-ACD0-B0E1AAC55E52}.Release|Any CPU.Build.0 = Release|Any CPU
		{21DFB544-872B-4B4E-ACD0-B0E1AAC55E52}.Release|x64.ActiveCfg = Release|Any CPU
		{21DFB544-872B-4B4E-ACD0-B0E1AAC55E52}.Release|x64.Build.0 = Release|Any CPU
		{21DFB544-872B-4B4E-ACD0-B0E1AAC55E52}.Release|x86.ActiveCfg = Release|Any CPU
		{21DFB544-872B-4B4E-ACD0-B0E1AAC55E52}.Release|x86.Build.0 = Release|Any CPU
		{76B1F221-6EBC-4953-8ACC-81045EF19D21}.Debug|Any CPU.ActiveCfg = Debug|Any CPU
		{76B1F221-6EBC-4953-8ACC-81045EF19D21}.Debug|Any CPU.Build.0 = Debug|Any CPU
		{76B1F221-6EBC-4953-8ACC-81045EF19D21}.Debug|x64.ActiveCfg = Debug|Any CPU
		{76B1F221-6EBC-4953-8ACC-81045EF19D21}.Debug|x64.Build.0 = Debug|Any CPU
		{76B1F221-6EBC-4953-8ACC-81045EF19D21}.Debug|x86.ActiveCfg = Debug|Any CPU
		{76B1F221-6EBC-4953-8ACC-81045EF19D21}.Debug|x86.Build.0 = Debug|Any CPU
		{76B1F221-6EBC-4953-8ACC-81045EF19D21}.Release|Any CPU.ActiveCfg = Release|Any CPU
		{76B1F221-6EBC-4953-8ACC-81045EF19D21}.Release|Any CPU.Build.0 = Release|Any CPU
		{76B1F221-6EBC-4953-8ACC-81045EF19D21}.Release|x64.ActiveCfg = Release|Any CPU
		{76B1F221-6EBC-4953-8ACC-81045EF19D21}.Release|x64.Build.0 = Release|Any CPU
		{76B1F221-6EBC-4953-8ACC-81045EF19D21}.Release|x86.ActiveCfg = Release|Any CPU
		{76B1F221-6EBC-4953-8ACC-81045EF19D21}.Release|x86.Build.0 = Release|Any CPU
		{BA8A42BA-575F-42E8-A828-FFE0FEF42883}.Debug|Any CPU.ActiveCfg = Debug|Any CPU
		{BA8A42BA-575F-42E8-A828-FFE0FEF42883}.Debug|Any CPU.Build.0 = Debug|Any CPU
		{BA8A42BA-575F-42E8-A828-FFE0FEF42883}.Debug|x64.ActiveCfg = Debug|Any CPU
		{BA8A42BA-575F-42E8-A828-FFE0FEF42883}.Debug|x64.Build.0 = Debug|Any CPU
		{BA8A42BA-575F-42E8-A828-FFE0FEF42883}.Debug|x86.ActiveCfg = Debug|Any CPU
		{BA8A42BA-575F-42E8-A828-FFE0FEF42883}.Debug|x86.Build.0 = Debug|Any CPU
		{BA8A42BA-575F-42E8-A828-FFE0FEF42883}.Release|Any CPU.ActiveCfg = Release|Any CPU
		{BA8A42BA-575F-42E8-A828-FFE0FEF42883}.Release|Any CPU.Build.0 = Release|Any CPU
		{BA8A42BA-575F-42E8-A828-FFE0FEF42883}.Release|x64.ActiveCfg = Release|Any CPU
		{BA8A42BA-575F-42E8-A828-FFE0FEF42883}.Release|x64.Build.0 = Release|Any CPU
		{BA8A42BA-575F-42E8-A828-FFE0FEF42883}.Release|x86.ActiveCfg = Release|Any CPU
		{BA8A42BA-575F-42E8-A828-FFE0FEF42883}.Release|x86.Build.0 = Release|Any CPU
		{3C788FD0-7659-47D8-87B5-1F86C772FA6A}.Debug|Any CPU.ActiveCfg = Debug|Any CPU
		{3C788FD0-7659-47D8-87B5-1F86C772FA6A}.Debug|Any CPU.Build.0 = Debug|Any CPU
		{3C788FD0-7659-47D8-87B5-1F86C772FA6A}.Debug|x64.ActiveCfg = Debug|Any CPU
		{3C788FD0-7659-47D8-87B5-1F86C772FA6A}.Debug|x64.Build.0 = Debug|Any CPU
		{3C788FD0-7659-47D8-87B5-1F86C772FA6A}.Debug|x86.ActiveCfg = Debug|Any CPU
		{3C788FD0-7659-47D8-87B5-1F86C772FA6A}.Debug|x86.Build.0 = Debug|Any CPU
		{3C788FD0-7659-47D8-87B5-1F86C772FA6A}.Release|Any CPU.ActiveCfg = Release|Any CPU
		{3C788FD0-7659-47D8-87B5-1F86C772FA6A}.Release|Any CPU.Build.0 = Release|Any CPU
		{3C788FD0-7659-47D8-87B5-1F86C772FA6A}.Release|x64.ActiveCfg = Release|Any CPU
		{3C788FD0-7659-47D8-87B5-1F86C772FA6A}.Release|x64.Build.0 = Release|Any CPU
		{3C788FD0-7659-47D8-87B5-1F86C772FA6A}.Release|x86.ActiveCfg = Release|Any CPU
		{3C788FD0-7659-47D8-87B5-1F86C772FA6A}.Release|x86.Build.0 = Release|Any CPU
	EndGlobalSection
	GlobalSection(SolutionProperties) = preSolution
		HideSolutionNode = FALSE
	EndGlobalSection
	GlobalSection(NestedProjects) = preSolution
		{9D700E2A-CD85-0AF9-9FEC-E449C90AEE43} = {B8EFCA5F-814F-285C-A8CB-F00F14650265}
		{B24F723C-BC56-44B9-B2AF-548A4717745B} = {9D700E2A-CD85-0AF9-9FEC-E449C90AEE43}
		{FDB95737-B1BD-48D3-918A-CA27E23C6D1B} = {9D700E2A-CD85-0AF9-9FEC-E449C90AEE43}
		{2CDB85A5-5806-4DB5-9093-A12FC0C4F770} = {9D700E2A-CD85-0AF9-9FEC-E449C90AEE43}
		{8FD0D344-138C-4CDF-81C4-6118C2FAC0A6} = {9D700E2A-CD85-0AF9-9FEC-E449C90AEE43}
		{7494961C-8E97-48F9-894A-C77001363B7F} = {9D700E2A-CD85-0AF9-9FEC-E449C90AEE43}
		{A029B193-F009-4056-9BA0-0A176CB99BE7} = {9D700E2A-CD85-0AF9-9FEC-E449C90AEE43}
		{21DFB544-872B-4B4E-ACD0-B0E1AAC55E52} = {9D700E2A-CD85-0AF9-9FEC-E449C90AEE43}
		{76B1F221-6EBC-4953-8ACC-81045EF19D21} = {9D700E2A-CD85-0AF9-9FEC-E449C90AEE43}
		{BA8A42BA-575F-42E8-A828-FFE0FEF42883} = {9D700E2A-CD85-0AF9-9FEC-E449C90AEE43}
		{3C788FD0-7659-47D8-87B5-1F86C772FA6A} = {9D700E2A-CD85-0AF9-9FEC-E449C90AEE43}
	EndGlobalSection
EndGlobal
